<?xml version="1.0" encoding="utf-8"?>
<Project ToolsVersion="4.0" xmlns="http://schemas.microsoft.com/developer/msbuild/2003">
  <ItemGroup>
    <Filter Include="Source Files">
      <UniqueIdentifier>{4FC737F1-C7A5-4376-A066-2A32D752A2FF}</UniqueIdentifier>
      <Extensions>cpp;c;cc;cxx;c++;cppm;ixx;def;odl;idl;hpj;bat;asm;asmx</Extensions>
    </Filter>
    <Filter Include="Header Files">
      <UniqueIdentifier>{93995380-89BD-4b04-88EB-625FBE52EBFB}</UniqueIdentifier>
      <Extensions>h;hh;hpp;hxx;h++;hm;inl;inc;ipp;xsd</Extensions>
    </Filter>
    <Filter Include="Resource Files">
      <UniqueIdentifier>{67DA6AB6-F800-4c08-8B7A-83BB121AAD01}</UniqueIdentifier>
      <Extensions>rc;ico;cur;bmp;dlg;rc2;rct;bin;rgs;gif;jpg;jpeg;jpe;resx;tiff;tif;png;wav;mfcribbon-ms</Extensions>
    </Filter>
    <Filter Include="Header Files\HANDLERS">
      <UniqueIdentifier>{e54d5375-03be-421f-8435-bb64fa3bcf94}</UniqueIdentifier>
    </Filter>
    <Filter Include="Header Files\REPOS">
      <UniqueIdentifier>{98b77c50-7dfd-468e-8180-db8ebe8fa120}</UniqueIdentifier>
    </Filter>
    <Filter Include="Header Files\CAZARI">
      <UniqueIdentifier>{cf3547d7-2277-442f-80a1-c0fd2e407041}</UniqueIdentifier>
    </Filter>
    <Filter Include="Header Files\TRANSPORT">
      <UniqueIdentifier>{e963e509-fd0b-4169-b0c9-e78e844101c0}</UniqueIdentifier>
    </Filter>
    <Filter Include="Header Files\OBIECTIVE">
      <UniqueIdentifier>{01639bf4-291c-4730-8300-e10673dd72f4}</UniqueIdentifier>
    </Filter>
    <Filter Include="Header Files\DESTINATII">
      <UniqueIdentifier>{8ed631bd-4ed7-4d01-9c28-61c97c35b697}</UniqueIdentifier>
    </Filter>
    <Filter Include="Header Files\CALATORII">
      <UniqueIdentifier>{97f1dba3-bca9-46b3-957d-54fb89b681cf}</UniqueIdentifier>
    </Filter>
    <Filter Include="Header Files\CONNECTIONS">
      <UniqueIdentifier>{af02def2-7b23-461b-ad7e-c815716d75cb}</UniqueIdentifier>
    </Filter>
    <Filter Include="Header Files\UTiLS">
      <UniqueIdentifier>{a2694781-1711-4596-a484-7852300cf3b0}</UniqueIdentifier>
    </Filter>
  </ItemGroup>
  <ItemGroup>
    <ClCompile Include="main.cpp">
      <Filter>Source Files</Filter>
    </ClCompile>
    <ClCompile Include="DataBaseCon.cpp">
      <Filter>Source Files</Filter>
    </ClCompile>
    <ClCompile Include="TCPServer.cpp">
      <Filter>Source Files</Filter>
    </ClCompile>
    <ClCompile Include="iRepository.cpp">
      <Filter>Source Files</Filter>
    </ClCompile>
    <ClCompile Include="json_test.cpp">
      <Filter>Source Files</Filter>
    </ClCompile>
    <ClCompile Include="iHandler.cpp">
      <Filter>Source Files</Filter>
    </ClCompile>
    <ClCompile Include="AHandler.cpp">
      <Filter>Source Files</Filter>
    </ClCompile>
    <ClCompile Include="LoginHandler.cpp">
      <Filter>Source Files</Filter>
    </ClCompile>
    <ClCompile Include="HandlerManager.cpp">
      <Filter>Source Files</Filter>
    </ClCompile>
    <ClCompile Include="RegisterHandler.cpp">
      <Filter>Source Files</Filter>
    </ClCompile>
    <ClCompile Include="UserRepository.cpp">
      <Filter>Source Files</Filter>
    </ClCompile>
    <ClCompile Include="User.cpp">
      <Filter>Source Files</Filter>
    </ClCompile>
    <ClCompile Include="Logger.cpp">
      <Filter>Source Files</Filter>
    </ClCompile>
    <ClCompile Include="LogoutHandler.cpp">
      <Filter>Source Files</Filter>
    </ClCompile>
    <ClCompile Include="GetSearchHistoryHandler.cpp">
      <Filter>Source Files</Filter>
    </ClCompile>
    <ClCompile Include="Destination.cpp">
      <Filter>Source Files</Filter>
    </ClCompile>
    <ClCompile Include="iAccommodation.cpp">
      <Filter>Source Files</Filter>
    </ClCompile>
    <ClCompile Include="AAccommodation.cpp">
      <Filter>Source Files</Filter>
    </ClCompile>
    <ClCompile Include="iAttraction.cpp">
      <Filter>Source Files</Filter>
    </ClCompile>
    <ClCompile Include="AAttraction.cpp">
      <Filter>Source Files</Filter>
    </ClCompile>
    <ClCompile Include="iTransportation.cpp">
      <Filter>Source Files</Filter>
    </ClCompile>
    <ClCompile Include="ATransportation.cpp">
      <Filter>Source Files</Filter>
    </ClCompile>
    <ClCompile Include="Hotel.cpp">
      <Filter>Source Files</Filter>
    </ClCompile>
    <ClCompile Include="Pensiune.cpp">
      <Filter>Source Files</Filter>
    </ClCompile>
    <ClCompile Include="Apartament.cpp">
      <Filter>Source Files</Filter>
    </ClCompile>
    <ClCompile Include="CulturalAttraction.cpp">
      <Filter>Source Files</Filter>
    </ClCompile>
    <ClCompile Include="MusicalAttraction.cpp">
      <Filter>Source Files</Filter>
    </ClCompile>
    <ClCompile Include="ReligiousAttraction.cpp">
      <Filter>Source Files</Filter>
    </ClCompile>
    <ClCompile Include="PlaneTransport.cpp">
      <Filter>Source Files</Filter>
    </ClCompile>
    <ClCompile Include="TrainTransport.cpp">
      <Filter>Source Files</Filter>
    </ClCompile>
    <ClCompile Include="AccommodationRepository.cpp">
      <Filter>Source Files</Filter>
    </ClCompile>
    <ClCompile Include="TransportationRepository.cpp">
      <Filter>Source Files</Filter>
    </ClCompile>
    <ClCompile Include="AttractionRepository.cpp">
      <Filter>Source Files</Filter>
    </ClCompile>
    <ClCompile Include="DestinationRepository.cpp">
      <Filter>Source Files</Filter>
    </ClCompile>
    <ClCompile Include="GetNumberAccomodationsHandler.cpp">
      <Filter>Source Files</Filter>
    </ClCompile>
    <ClCompile Include="GetAccommodationWithIDHandler.cpp">
      <Filter>Source Files</Filter>
    </ClCompile>
    <ClCompile Include="GetImageHandler.cpp">
      <Filter>Source Files</Filter>
    </ClCompile>
    <ClCompile Include="GetAllAttractionsHandler.cpp">
      <Filter>Source Files</Filter>
    </ClCompile>
    <ClCompile Include="Bus.cpp">
      <Filter>Source Files</Filter>
    </ClCompile>
    <ClCompile Include="TransportationRoute.cpp">
      <Filter>Source Files</Filter>
    </ClCompile>
    <ClCompile Include="GetAllRoutesHandler.cpp">
      <Filter>Source Files</Filter>
    </ClCompile>
    <ClCompile Include="Trip.cpp">
      <Filter>Source Files</Filter>
    </ClCompile>
    <ClCompile Include="DayTrip.cpp">
      <Filter>Source Files</Filter>
    </ClCompile>
    <ClCompile Include="TripRepository.cpp">
      <Filter>Source Files</Filter>
    </ClCompile>
    <ClCompile Include="TripService.cpp">
      <Filter>Source Files</Filter>
    </ClCompile>
    <ClCompile Include="AddCustomTripHandler.cpp">
      <Filter>Source Files</Filter>
    </ClCompile>
    <ClCompile Include="GetTripHistoryHandler.cpp">
      <Filter>Source Files</Filter>
    </ClCompile>
    <ClCompile Include="GetTripConfirmation.cpp">
      <Filter>Source Files</Filter>
    </ClCompile>
    <ClCompile Include="GenerateTripsHandlers.cpp">
      <Filter>Source Files</Filter>
    </ClCompile>
    <ClCompile Include="DateTime.cpp">
      <Filter>Source Files</Filter>
    </ClCompile>
    <ClCompile Include="ConfirmSelectedGeneratedTripHandler.cpp">
      <Filter>Source Files</Filter>
    </ClCompile>
  </ItemGroup>
  <ItemGroup>
    <ClInclude Include="AHandler.h">
      <Filter>Header Files\HANDLERS</Filter>
    </ClInclude>
    <ClInclude Include="HandlerManager.h">
      <Filter>Header Files\HANDLERS</Filter>
    </ClInclude>
    <ClInclude Include="iHandler.h">
      <Filter>Header Files\HANDLERS</Filter>
    </ClInclude>
    <ClInclude Include="LoginHandler.h">
      <Filter>Header Files\HANDLERS</Filter>
    </ClInclude>
    <ClInclude Include="RegisterHandler.h">
      <Filter>Header Files\HANDLERS</Filter>
    </ClInclude>
    <ClInclude Include="iRepository.h">
      <Filter>Header Files\REPOS</Filter>
    </ClInclude>
    <ClInclude Include="UserRepository.h">
      <Filter>Header Files\REPOS</Filter>
    </ClInclude>
    <ClInclude Include="LogoutHandler.h">
      <Filter>Header Files\HANDLERS</Filter>
    </ClInclude>
    <ClInclude Include="GetSearchHistoryHandler.h">
      <Filter>Header Files\HANDLERS</Filter>
    </ClInclude>
    <ClInclude Include="iAccommodation.h">
      <Filter>Header Files\CAZARI</Filter>
    </ClInclude>
    <ClInclude Include="AAccommodation.h">
      <Filter>Header Files\CAZARI</Filter>
    </ClInclude>
    <ClInclude Include="iAttraction.h">
      <Filter>Header Files\OBIECTIVE</Filter>
    </ClInclude>
    <ClInclude Include="AAttraction.h">
      <Filter>Header Files\OBIECTIVE</Filter>
    </ClInclude>
    <ClInclude Include="iTransportation.h">
      <Filter>Header Files\TRANSPORT</Filter>
    </ClInclude>
    <ClInclude Include="ATransportation.h">
      <Filter>Header Files\TRANSPORT</Filter>
    </ClInclude>
    <ClInclude Include="Destination.h">
      <Filter>Header Files\DESTINATII</Filter>
    </ClInclude>
    <ClInclude Include="Pensiune.h">
      <Filter>Header Files\CAZARI</Filter>
    </ClInclude>
    <ClInclude Include="Apartament.h">
      <Filter>Header Files\CAZARI</Filter>
    </ClInclude>
    <ClInclude Include="Hotel.h">
      <Filter>Header Files\CAZARI</Filter>
    </ClInclude>
    <ClInclude Include="CulturalAttraction.h">
      <Filter>Header Files\OBIECTIVE</Filter>
    </ClInclude>
    <ClInclude Include="MusicalAttraction.h">
      <Filter>Header Files\OBIECTIVE</Filter>
    </ClInclude>
    <ClInclude Include="ReligiousAttraction.h">
      <Filter>Header Files\OBIECTIVE</Filter>
    </ClInclude>
    <ClInclude Include="PlaneTransport.h">
      <Filter>Header Files\TRANSPORT</Filter>
    </ClInclude>
    <ClInclude Include="TrainTransport.h">
      <Filter>Header Files\TRANSPORT</Filter>
    </ClInclude>
    <ClInclude Include="AccommodationRepository.h">
      <Filter>Header Files\REPOS</Filter>
    </ClInclude>
    <ClInclude Include="TransportationRepository.h">
      <Filter>Header Files\REPOS</Filter>
    </ClInclude>
    <ClInclude Include="AttractionRepository.h">
      <Filter>Header Files\REPOS</Filter>
    </ClInclude>
    <ClInclude Include="DestinationRepository.h">
      <Filter>Header Files\REPOS</Filter>
    </ClInclude>
    <ClInclude Include="GetNumberAccomodationsHandler.h">
      <Filter>Header Files\HANDLERS</Filter>
    </ClInclude>
    <ClInclude Include="GetAccommodationWithIDHandler.h">
      <Filter>Header Files\HANDLERS</Filter>
    </ClInclude>
    <ClInclude Include="GetImageHandler.h">
      <Filter>Header Files\HANDLERS</Filter>
    </ClInclude>
    <ClInclude Include="GetAllAttractionsHandler.h">
      <Filter>Header Files\HANDLERS</Filter>
    </ClInclude>
    <ClInclude Include="Bus.h">
      <Filter>Header Files\TRANSPORT</Filter>
    </ClInclude>
    <ClInclude Include="TransportationRoute.h">
      <Filter>Header Files\TRANSPORT</Filter>
    </ClInclude>
    <ClInclude Include="GetAllRoutesHandler.h">
      <Filter>Header Files\HANDLERS</Filter>
    </ClInclude>
    <ClInclude Include="Trip.h">
      <Filter>Header Files\CALATORII</Filter>
    </ClInclude>
    <ClInclude Include="DayTrip.h">
      <Filter>Header Files\CALATORII</Filter>
    </ClInclude>
    <ClInclude Include="TripRepository.h">
      <Filter>Header Files\REPOS</Filter>
    </ClInclude>
    <ClInclude Include="TripService.h">
      <Filter>Header Files\CALATORII</Filter>
    </ClInclude>
    <ClInclude Include="AddCustomTripHandler.h">
      <Filter>Header Files\HANDLERS</Filter>
    </ClInclude>
    <ClInclude Include="GetTripHistoryHandler.h">
      <Filter>Header Files\HANDLERS</Filter>
    </ClInclude>
    <ClInclude Include="GetTripConfirmation.h">
      <Filter>Header Files\HANDLERS</Filter>
    </ClInclude>
    <ClInclude Include="GenerateTripsHandlers.h">
      <Filter>Header Files\HANDLERS</Filter>
    </ClInclude>
    <ClInclude Include="DataBaseCon.h">
      <Filter>Header Files\CONNECTIONS</Filter>
    </ClInclude>
    <ClInclude Include="TCPServer.h">
      <Filter>Header Files\CONNECTIONS</Filter>
    </ClInclude>
    <ClInclude Include="Logger.h">
      <Filter>Header Files\UTiLS</Filter>
    </ClInclude>
    <ClInclude Include="DateTime.h">
      <Filter>Header Files\UTiLS</Filter>
    </ClInclude>
    <ClInclude Include="User.h">
      <Filter>Header Files\UTiLS</Filter>
    </ClInclude>
    <ClInclude Include="utils.h">
      <Filter>Header Files\UTiLS</Filter>
    </ClInclude>
    <ClInclude Include="ConfirmSelectedGeneratedTripHandler.h">
      <Filter>Header Files\HANDLERS</Filter>
    </ClInclude>
  </ItemGroup>
  <ItemGroup>
    <None Include="ClassDiagram2.cd" />
    <None Include="ClassDiagram21.cd" />
  </ItemGroup>
  <ItemGroup>
    <Text Include="LOGS.txt">
      <Filter>Resource Files</Filter>
    </Text>
  </ItemGroup>
</Project>